
Microsoft Visual Studio Solution File, Format Version 12.00
# Visual Studio 15
VisualStudioVersion = 15.0.28307.1401
MinimumVisualStudioVersion = 10.0.40219.1
Project("{FAE04EC0-301F-11D3-BF4B-00C04F79EFBC}") = "App1Parcial.Android", "App1Parcial\App1Parcial.Android\App1Parcial.Android.csproj", "{E2D6737E-E75F-44A7-BE98-E8455348BC79}"
EndProject
Project("{FAE04EC0-301F-11D3-BF4B-00C04F79EFBC}") = "App1Parcial.iOS", "App1Parcial\App1Parcial.iOS\App1Parcial.iOS.csproj", "{21D1C580-D8AC-4F2B-BAF7-D7356AF6DABF}"
EndProject
Project("{FAE04EC0-301F-11D3-BF4B-00C04F79EFBC}") = "App1Parcial", "App1Parcial\App1Parcial\App1Parcial.csproj", "{F76E1C16-A6B3-469C-BB3B-DBBC3C80BED8}"
EndProject
Global
	GlobalSection(SolutionConfigurationPlatforms) = preSolution
		Ad-Hoc|Any CPU = Ad-Hoc|Any CPU
		Ad-Hoc|iPhone = Ad-Hoc|iPhone
		Ad-Hoc|iPhoneSimulator = Ad-Hoc|iPhoneSimulator
		AppStore|Any CPU = AppStore|Any CPU
		AppStore|iPhone = AppStore|iPhone
		AppStore|iPhoneSimulator = AppStore|iPhoneSimulator
		Debug|Any CPU = Debug|Any CPU
		Debug|iPhone = Debug|iPhone
		Debug|iPhoneSimulator = Debug|iPhoneSimulator
		Release|Any CPU = Release|Any CPU
		Release|iPhone = Release|iPhone
		Release|iPhoneSimulator = Release|iPhoneSimulator
	EndGlobalSection
	GlobalSection(ProjectConfigurationPlatforms) = postSolution
		{E2D6737E-E75F-44A7-BE98-E8455348BC79}.Ad-Hoc|Any CPU.ActiveCfg = Release|Any CPU
		{E2D6737E-E75F-44A7-BE98-E8455348BC79}.Ad-Hoc|Any CPU.Build.0 = Release|Any CPU
		{E2D6737E-E75F-44A7-BE98-E8455348BC79}.Ad-Hoc|Any CPU.Deploy.0 = Release|Any CPU
		{E2D6737E-E75F-44A7-BE98-E8455348BC79}.Ad-Hoc|iPhone.ActiveCfg = Release|Any CPU
		{E2D6737E-E75F-44A7-BE98-E8455348BC79}.Ad-Hoc|iPhone.Build.0 = Release|Any CPU
		{E2D6737E-E75F-44A7-BE98-E8455348BC79}.Ad-Hoc|iPhone.Deploy.0 = Release|Any CPU
		{E2D6737E-E75F-44A7-BE98-E8455348BC79}.Ad-Hoc|iPhoneSimulator.ActiveCfg = Release|Any CPU
		{E2D6737E-E75F-44A7-BE98-E8455348BC79}.Ad-Hoc|iPhoneSimulator.Build.0 = Release|Any CPU
		{E2D6737E-E75F-44A7-BE98-E8455348BC79}.Ad-Hoc|iPhoneSimulator.Deploy.0 = Release|Any CPU
		{E2D6737E-E75F-44A7-BE98-E8455348BC79}.AppStore|Any CPU.ActiveCfg = Release|Any CPU
		{E2D6737E-E75F-44A7-BE98-E8455348BC79}.AppStore|Any CPU.Build.0 = Release|Any CPU
		{E2D6737E-E75F-44A7-BE98-E8455348BC79}.AppStore|Any CPU.Deploy.0 = Release|Any CPU
		{E2D6737E-E75F-44A7-BE98-E8455348BC79}.AppStore|iPhone.ActiveCfg = Release|Any CPU
		{E2D6737E-E75F-44A7-BE98-E8455348BC79}.AppStore|iPhone.Build.0 = Release|Any CPU
		{E2D6737E-E75F-44A7-BE98-E8455348BC79}.AppStore|iPhone.Deploy.0 = Release|Any CPU
		{E2D6737E-E75F-44A7-BE98-E8455348BC79}.AppStore|iPhoneSimulator.ActiveCfg = Release|Any CPU
		{E2D6737E-E75F-44A7-BE98-E8455348BC79}.AppStore|iPhoneSimulator.Build.0 = Release|Any CPU
		{E2D6737E-E75F-44A7-BE98-E8455348BC79}.AppStore|iPhoneSimulator.Deploy.0 = Release|Any CPU
		{E2D6737E-E75F-44A7-BE98-E8455348BC79}.Debug|Any CPU.ActiveCfg = Debug|Any CPU
		{E2D6737E-E75F-44A7-BE98-E8455348BC79}.Debug|Any CPU.Build.0 = Debug|Any CPU
		{E2D6737E-E75F-44A7-BE98-E8455348BC79}.Debug|Any CPU.Deploy.0 = Debug|Any CPU
		{E2D6737E-E75F-44A7-BE98-E8455348BC79}.Debug|iPhone.ActiveCfg = Debug|Any CPU
		{E2D6737E-E75F-44A7-BE98-E8455348BC79}.Debug|iPhone.Build.0 = Debug|Any CPU
		{E2D6737E-E75F-44A7-BE98-E8455348BC79}.Debug|iPhone.Deploy.0 = Debug|Any CPU
		{E2D6737E-E75F-44A7-BE98-E8455348BC79}.Debug|iPhoneSimulator.ActiveCfg = Debug|Any CPU
		{E2D6737E-E75F-44A7-BE98-E8455348BC79}.Debug|iPhoneSimulator.Build.0 = Debug|Any CPU
		{E2D6737E-E75F-44A7-BE98-E8455348BC79}.Debug|iPhoneSimulator.Deploy.0 = Debug|Any CPU
		{E2D6737E-E75F-44A7-BE98-E8455348BC79}.Release|Any CPU.ActiveCfg = Release|Any CPU
		{E2D6737E-E75F-44A7-BE98-E8455348BC79}.Release|Any CPU.Build.0 = Release|Any CPU
		{E2D6737E-E75F-44A7-BE98-E8455348BC79}.Release|Any CPU.Deploy.0 = Release|Any CPU
		{E2D6737E-E75F-44A7-BE98-E8455348BC79}.Release|iPhone.ActiveCfg = Release|Any CPU
		{E2D6737E-E75F-44A7-BE98-E8455348BC79}.Release|iPhone.Build.0 = Release|Any CPU
		{E2D6737E-E75F-44A7-BE98-E8455348BC79}.Release|iPhone.Deploy.0 = Release|Any CPU
		{E2D6737E-E75F-44A7-BE98-E8455348BC79}.Release|iPhoneSimulator.ActiveCfg = Release|Any CPU
		{E2D6737E-E75F-44A7-BE98-E8455348BC79}.Release|iPhoneSimulator.Build.0 = Release|Any CPU
		{E2D6737E-E75F-44A7-BE98-E8455348BC79}.Release|iPhoneSimulator.Deploy.0 = Release|Any CPU
		{21D1C580-D8AC-4F2B-BAF7-D7356AF6DABF}.Ad-Hoc|Any CPU.ActiveCfg = Ad-Hoc|iPhone
		{21D1C580-D8AC-4F2B-BAF7-D7356AF6DABF}.Ad-Hoc|Any CPU.Build.0 = Ad-Hoc|iPhone
		{21D1C580-D8AC-4F2B-BAF7-D7356AF6DABF}.Ad-Hoc|Any CPU.Deploy.0 = Ad-Hoc|iPhone
		{21D1C580-D8AC-4F2B-BAF7-D7356AF6DABF}.Ad-Hoc|iPhone.ActiveCfg = Ad-Hoc|iPhone
		{21D1C580-D8AC-4F2B-BAF7-D7356AF6DABF}.Ad-Hoc|iPhone.Build.0 = Ad-Hoc|iPhone
		{21D1C580-D8AC-4F2B-BAF7-D7356AF6DABF}.Ad-Hoc|iPhone.Deploy.0 = Ad-Hoc|iPhone
		{21D1C580-D8AC-4F2B-BAF7-D7356AF6DABF}.Ad-Hoc|iPhoneSimulator.ActiveCfg = Ad-Hoc|iPhoneSimulator
		{21D1C580-D8AC-4F2B-BAF7-D7356AF6DABF}.Ad-Hoc|iPhoneSimulator.Build.0 = Ad-Hoc|iPhoneSimulator
		{21D1C580-D8AC-4F2B-BAF7-D7356AF6DABF}.Ad-Hoc|iPhoneSimulator.Deploy.0 = Ad-Hoc|iPhoneSimulator
		{21D1C580-D8AC-4F2B-BAF7-D7356AF6DABF}.AppStore|Any CPU.ActiveCfg = AppStore|iPhone
		{21D1C580-D8AC-4F2B-BAF7-D7356AF6DABF}.AppStore|Any CPU.Build.0 = AppStore|iPhone
		{21D1C580-D8AC-4F2B-BAF7-D7356AF6DABF}.AppStore|Any CPU.Deploy.0 = AppStore|iPhone
		{21D1C580-D8AC-4F2B-BAF7-D7356AF6DABF}.AppStore|iPhone.ActiveCfg = AppStore|iPhone
		{21D1C580-D8AC-4F2B-BAF7-D7356AF6DABF}.AppStore|iPhone.Build.0 = AppStore|iPhone
		{21D1C580-D8AC-4F2B-BAF7-D7356AF6DABF}.AppStore|iPhone.Deploy.0 = AppStore|iPhone
		{21D1C580-D8AC-4F2B-BAF7-D7356AF6DABF}.AppStore|iPhoneSimulator.ActiveCfg = AppStore|iPhoneSimulator
		{21D1C580-D8AC-4F2B-BAF7-D7356AF6DABF}.AppStore|iPhoneSimulator.Build.0 = AppStore|iPhoneSimulator
		{21D1C580-D8AC-4F2B-BAF7-D7356AF6DABF}.AppStore|iPhoneSimulator.Deploy.0 = AppStore|iPhoneSimulator
		{21D1C580-D8AC-4F2B-BAF7-D7356AF6DABF}.Debug|Any CPU.ActiveCfg = Debug|iPhoneSimulator
		{21D1C580-D8AC-4F2B-BAF7-D7356AF6DABF}.Debug|Any CPU.Build.0 = Debug|iPhoneSimulator
		{21D1C580-D8AC-4F2B-BAF7-D7356AF6DABF}.Debug|Any CPU.Deploy.0 = Debug|iPhoneSimulator
		{21D1C580-D8AC-4F2B-BAF7-D7356AF6DABF}.Debug|iPhone.ActiveCfg = Debug|iPhone
		{21D1C580-D8AC-4F2B-BAF7-D7356AF6DABF}.Debug|iPhone.Build.0 = Debug|iPhone
		{21D1C580-D8AC-4F2B-BAF7-D7356AF6DABF}.Debug|iPhone.Deploy.0 = Debug|iPhone
		{21D1C580-D8AC-4F2B-BAF7-D7356AF6DABF}.Debug|iPhoneSimulator.ActiveCfg = Debug|iPhoneSimulator
		{21D1C580-D8AC-4F2B-BAF7-D7356AF6DABF}.Debug|iPhoneSimulator.Build.0 = Debug|iPhoneSimulator
		{21D1C580-D8AC-4F2B-BAF7-D7356AF6DABF}.Debug|iPhoneSimulator.Deploy.0 = Debug|iPhoneSimulator
		{21D1C580-D8AC-4F2B-BAF7-D7356AF6DABF}.Release|Any CPU.ActiveCfg = Release|iPhone
		{21D1C580-D8AC-4F2B-BAF7-D7356AF6DABF}.Release|Any CPU.Build.0 = Release|iPhone
		{21D1C580-D8AC-4F2B-BAF7-D7356AF6DABF}.Release|Any CPU.Deploy.0 = Release|iPhone
		{21D1C580-D8AC-4F2B-BAF7-D7356AF6DABF}.Release|iPhone.ActiveCfg = Release|iPhone
		{21D1C580-D8AC-4F2B-BAF7-D7356AF6DABF}.Release|iPhone.Build.0 = Release|iPhone
		{21D1C580-D8AC-4F2B-BAF7-D7356AF6DABF}.Release|iPhone.Deploy.0 = Release|iPhone
		{21D1C580-D8AC-4F2B-BAF7-D7356AF6DABF}.Release|iPhoneSimulator.ActiveCfg = Release|iPhoneSimulator
		{21D1C580-D8AC-4F2B-BAF7-D7356AF6DABF}.Release|iPhoneSimulator.Build.0 = Release|iPhoneSimulator
		{21D1C580-D8AC-4F2B-BAF7-D7356AF6DABF}.Release|iPhoneSimulator.Deploy.0 = Release|iPhoneSimulator
		{F76E1C16-A6B3-469C-BB3B-DBBC3C80BED8}.Ad-Hoc|Any CPU.ActiveCfg = Debug|Any CPU
		{F76E1C16-A6B3-469C-BB3B-DBBC3C80BED8}.Ad-Hoc|Any CPU.Build.0 = Debug|Any CPU
		{F76E1C16-A6B3-469C-BB3B-DBBC3C80BED8}.Ad-Hoc|Any CPU.Deploy.0 = Debug|Any CPU
		{F76E1C16-A6B3-469C-BB3B-DBBC3C80BED8}.Ad-Hoc|iPhone.ActiveCfg = Debug|Any CPU
		{F76E1C16-A6B3-469C-BB3B-DBBC3C80BED8}.Ad-Hoc|iPhone.Build.0 = Debug|Any CPU
		{F76E1C16-A6B3-469C-BB3B-DBBC3C80BED8}.Ad-Hoc|iPhone.Deploy.0 = Debug|Any CPU
		{F76E1C16-A6B3-469C-BB3B-DBBC3C80BED8}.Ad-Hoc|iPhoneSimulator.ActiveCfg = Debug|Any CPU
		{F76E1C16-A6B3-469C-BB3B-DBBC3C80BED8}.Ad-Hoc|iPhoneSimulator.Build.0 = Debug|Any CPU
		{F76E1C16-A6B3-469C-BB3B-DBBC3C80BED8}.Ad-Hoc|iPhoneSimulator.Deploy.0 = Debug|Any CPU
		{F76E1C16-A6B3-469C-BB3B-DBBC3C80BED8}.AppStore|Any CPU.ActiveCfg = Debug|Any CPU
		{F76E1C16-A6B3-469C-BB3B-DBBC3C80BED8}.AppStore|Any CPU.Build.0 = Debug|Any CPU
		{F76E1C16-A6B3-469C-BB3B-DBBC3C80BED8}.AppStore|Any CPU.Deploy.0 = Debug|Any CPU
		{F76E1C16-A6B3-469C-BB3B-DBBC3C80BED8}.AppStore|iPhone.ActiveCfg = Debug|Any CPU
		{F76E1C16-A6B3-469C-BB3B-DBBC3C80BED8}.AppStore|iPhone.Build.0 = Debug|Any CPU
		{F76E1C16-A6B3-469C-BB3B-DBBC3C80BED8}.AppStore|iPhone.Deploy.0 = Debug|Any CPU
		{F76E1C16-A6B3-469C-BB3B-DBBC3C80BED8}.AppStore|iPhoneSimulator.ActiveCfg = Debug|Any CPU
		{F76E1C16-A6B3-469C-BB3B-DBBC3C80BED8}.AppStore|iPhoneSimulator.Build.0 = Debug|Any CPU
		{F76E1C16-A6B3-469C-BB3B-DBBC3C80BED8}.AppStore|iPhoneSimulator.Deploy.0 = Debug|Any CPU
		{F76E1C16-A6B3-469C-BB3B-DBBC3C80BED8}.Debug|Any CPU.ActiveCfg = Debug|Any CPU
		{F76E1C16-A6B3-469C-BB3B-DBBC3C80BED8}.Debug|Any CPU.Build.0 = Debug|Any CPU
		{F76E1C16-A6B3-469C-BB3B-DBBC3C80BED8}.Debug|Any CPU.Deploy.0 = Debug|Any CPU
		{F76E1C16-A6B3-469C-BB3B-DBBC3C80BED8}.Debug|iPhone.ActiveCfg = Debug|Any CPU
		{F76E1C16-A6B3-469C-BB3B-DBBC3C80BED8}.Debug|iPhone.Build.0 = Debug|Any CPU
		{F76E1C16-A6B3-469C-BB3B-DBBC3C80BED8}.Debug|iPhone.Deploy.0 = Debug|Any CPU
		{F76E1C16-A6B3-469C-BB3B-DBBC3C80BED8}.Debug|iPhoneSimulator.ActiveCfg = Debug|Any CPU
		{F76E1C16-A6B3-469C-BB3B-DBBC3C80BED8}.Debug|iPhoneSimulator.Build.0 = Debug|Any CPU
		{F76E1C16-A6B3-469C-BB3B-DBBC3C80BED8}.Debug|iPhoneSimulator.Deploy.0 = Debug|Any CPU
		{F76E1C16-A6B3-469C-BB3B-DBBC3C80BED8}.Release|Any CPU.ActiveCfg = Release|Any CPU
		{F76E1C16-A6B3-469C-BB3B-DBBC3C80BED8}.Release|Any CPU.Build.0 = Release|Any CPU
		{F76E1C16-A6B3-469C-BB3B-DBBC3C80BED8}.Release|Any CPU.Deploy.0 = Release|Any CPU
		{F76E1C16-A6B3-469C-BB3B-DBBC3C80BED8}.Release|iPhone.ActiveCfg = Release|Any CPU
		{F76E1C16-A6B3-469C-BB3B-DBBC3C80BED8}.Release|iPhone.Build.0 = Release|Any CPU
		{F76E1C16-A6B3-469C-BB3B-DBBC3C80BED8}.Release|iPhone.Deploy.0 = Release|Any CPU
		{F76E1C16-A6B3-469C-BB3B-DBBC3C80BED8}.Release|iPhoneSimulator.ActiveCfg = Release|Any CPU
		{F76E1C16-A6B3-469C-BB3B-DBBC3C80BED8}.Release|iPhoneSimulator.Build.0 = Release|Any CPU
		{F76E1C16-A6B3-469C-BB3B-DBBC3C80BED8}.Release|iPhoneSimulator.Deploy.0 = Release|Any CPU
	EndGlobalSection
	GlobalSection(SolutionProperties) = preSolution
		HideSolutionNode = FALSE
	EndGlobalSection
	GlobalSection(ExtensibilityGlobals) = postSolution
		SolutionGuid = {FC46E2E3-2940-43B0-9A4C-9789F30515EE}
	EndGlobalSection
EndGlobal
