
Microsoft Visual Studio Solution File, Format Version 12.00
# Visual Studio 15
VisualStudioVersion = 15.0.28307.1401
MinimumVisualStudioVersion = 10.0.40219.1
Project("{FAE04EC0-301F-11D3-BF4B-00C04F79EFBC}") = "ejerccio2.Android", "ejerccio2\ejerccio2.Android\ejerccio2.Android.csproj", "{79FE3770-D35E-467D-8737-1A8C8C0C6B2C}"
EndProject
Project("{FAE04EC0-301F-11D3-BF4B-00C04F79EFBC}") = "ejerccio2.iOS", "ejerccio2\ejerccio2.iOS\ejerccio2.iOS.csproj", "{E007BFC8-3756-4E00-8816-634B4D7EF95A}"
EndProject
Project("{FAE04EC0-301F-11D3-BF4B-00C04F79EFBC}") = "ejerccio2", "ejerccio2\ejerccio2\ejerccio2.csproj", "{E8D50DE4-4BC2-4F78-B784-EA684F0BA027}"
EndProject
Global
	GlobalSection(SolutionConfigurationPlatforms) = preSolution
		Ad-Hoc|Any CPU = Ad-Hoc|Any CPU
		Ad-Hoc|iPhone = Ad-Hoc|iPhone
		Ad-Hoc|iPhoneSimulator = Ad-Hoc|iPhoneSimulator
		AppStore|Any CPU = AppStore|Any CPU
		AppStore|iPhone = AppStore|iPhone
		AppStore|iPhoneSimulator = AppStore|iPhoneSimulator
		Debug|Any CPU = Debug|Any CPU
		Debug|iPhone = Debug|iPhone
		Debug|iPhoneSimulator = Debug|iPhoneSimulator
		Release|Any CPU = Release|Any CPU
		Release|iPhone = Release|iPhone
		Release|iPhoneSimulator = Release|iPhoneSimulator
	EndGlobalSection
	GlobalSection(ProjectConfigurationPlatforms) = postSolution
		{79FE3770-D35E-467D-8737-1A8C8C0C6B2C}.Ad-Hoc|Any CPU.ActiveCfg = Release|Any CPU
		{79FE3770-D35E-467D-8737-1A8C8C0C6B2C}.Ad-Hoc|Any CPU.Build.0 = Release|Any CPU
		{79FE3770-D35E-467D-8737-1A8C8C0C6B2C}.Ad-Hoc|Any CPU.Deploy.0 = Release|Any CPU
		{79FE3770-D35E-467D-8737-1A8C8C0C6B2C}.Ad-Hoc|iPhone.ActiveCfg = Release|Any CPU
		{79FE3770-D35E-467D-8737-1A8C8C0C6B2C}.Ad-Hoc|iPhone.Build.0 = Release|Any CPU
		{79FE3770-D35E-467D-8737-1A8C8C0C6B2C}.Ad-Hoc|iPhone.Deploy.0 = Release|Any CPU
		{79FE3770-D35E-467D-8737-1A8C8C0C6B2C}.Ad-Hoc|iPhoneSimulator.ActiveCfg = Release|Any CPU
		{79FE3770-D35E-467D-8737-1A8C8C0C6B2C}.Ad-Hoc|iPhoneSimulator.Build.0 = Release|Any CPU
		{79FE3770-D35E-467D-8737-1A8C8C0C6B2C}.Ad-Hoc|iPhoneSimulator.Deploy.0 = Release|Any CPU
		{79FE3770-D35E-467D-8737-1A8C8C0C6B2C}.AppStore|Any CPU.ActiveCfg = Release|Any CPU
		{79FE3770-D35E-467D-8737-1A8C8C0C6B2C}.AppStore|Any CPU.Build.0 = Release|Any CPU
		{79FE3770-D35E-467D-8737-1A8C8C0C6B2C}.AppStore|Any CPU.Deploy.0 = Release|Any CPU
		{79FE3770-D35E-467D-8737-1A8C8C0C6B2C}.AppStore|iPhone.ActiveCfg = Release|Any CPU
		{79FE3770-D35E-467D-8737-1A8C8C0C6B2C}.AppStore|iPhone.Build.0 = Release|Any CPU
		{79FE3770-D35E-467D-8737-1A8C8C0C6B2C}.AppStore|iPhone.Deploy.0 = Release|Any CPU
		{79FE3770-D35E-467D-8737-1A8C8C0C6B2C}.AppStore|iPhoneSimulator.ActiveCfg = Release|Any CPU
		{79FE3770-D35E-467D-8737-1A8C8C0C6B2C}.AppStore|iPhoneSimulator.Build.0 = Release|Any CPU
		{79FE3770-D35E-467D-8737-1A8C8C0C6B2C}.AppStore|iPhoneSimulator.Deploy.0 = Release|Any CPU
		{79FE3770-D35E-467D-8737-1A8C8C0C6B2C}.Debug|Any CPU.ActiveCfg = Debug|Any CPU
		{79FE3770-D35E-467D-8737-1A8C8C0C6B2C}.Debug|Any CPU.Build.0 = Debug|Any CPU
		{79FE3770-D35E-467D-8737-1A8C8C0C6B2C}.Debug|Any CPU.Deploy.0 = Debug|Any CPU
		{79FE3770-D35E-467D-8737-1A8C8C0C6B2C}.Debug|iPhone.ActiveCfg = Debug|Any CPU
		{79FE3770-D35E-467D-8737-1A8C8C0C6B2C}.Debug|iPhone.Build.0 = Debug|Any CPU
		{79FE3770-D35E-467D-8737-1A8C8C0C6B2C}.Debug|iPhone.Deploy.0 = Debug|Any CPU
		{79FE3770-D35E-467D-8737-1A8C8C0C6B2C}.Debug|iPhoneSimulator.ActiveCfg = Debug|Any CPU
		{79FE3770-D35E-467D-8737-1A8C8C0C6B2C}.Debug|iPhoneSimulator.Build.0 = Debug|Any CPU
		{79FE3770-D35E-467D-8737-1A8C8C0C6B2C}.Debug|iPhoneSimulator.Deploy.0 = Debug|Any CPU
		{79FE3770-D35E-467D-8737-1A8C8C0C6B2C}.Release|Any CPU.ActiveCfg = Release|Any CPU
		{79FE3770-D35E-467D-8737-1A8C8C0C6B2C}.Release|Any CPU.Build.0 = Release|Any CPU
		{79FE3770-D35E-467D-8737-1A8C8C0C6B2C}.Release|Any CPU.Deploy.0 = Release|Any CPU
		{79FE3770-D35E-467D-8737-1A8C8C0C6B2C}.Release|iPhone.ActiveCfg = Release|Any CPU
		{79FE3770-D35E-467D-8737-1A8C8C0C6B2C}.Release|iPhone.Build.0 = Release|Any CPU
		{79FE3770-D35E-467D-8737-1A8C8C0C6B2C}.Release|iPhone.Deploy.0 = Release|Any CPU
		{79FE3770-D35E-467D-8737-1A8C8C0C6B2C}.Release|iPhoneSimulator.ActiveCfg = Release|Any CPU
		{79FE3770-D35E-467D-8737-1A8C8C0C6B2C}.Release|iPhoneSimulator.Build.0 = Release|Any CPU
		{79FE3770-D35E-467D-8737-1A8C8C0C6B2C}.Release|iPhoneSimulator.Deploy.0 = Release|Any CPU
		{E007BFC8-3756-4E00-8816-634B4D7EF95A}.Ad-Hoc|Any CPU.ActiveCfg = Ad-Hoc|iPhone
		{E007BFC8-3756-4E00-8816-634B4D7EF95A}.Ad-Hoc|Any CPU.Build.0 = Ad-Hoc|iPhone
		{E007BFC8-3756-4E00-8816-634B4D7EF95A}.Ad-Hoc|Any CPU.Deploy.0 = Ad-Hoc|iPhone
		{E007BFC8-3756-4E00-8816-634B4D7EF95A}.Ad-Hoc|iPhone.ActiveCfg = Ad-Hoc|iPhone
		{E007BFC8-3756-4E00-8816-634B4D7EF95A}.Ad-Hoc|iPhone.Build.0 = Ad-Hoc|iPhone
		{E007BFC8-3756-4E00-8816-634B4D7EF95A}.Ad-Hoc|iPhone.Deploy.0 = Ad-Hoc|iPhone
		{E007BFC8-3756-4E00-8816-634B4D7EF95A}.Ad-Hoc|iPhoneSimulator.ActiveCfg = Ad-Hoc|iPhoneSimulator
		{E007BFC8-3756-4E00-8816-634B4D7EF95A}.Ad-Hoc|iPhoneSimulator.Build.0 = Ad-Hoc|iPhoneSimulator
		{E007BFC8-3756-4E00-8816-634B4D7EF95A}.Ad-Hoc|iPhoneSimulator.Deploy.0 = Ad-Hoc|iPhoneSimulator
		{E007BFC8-3756-4E00-8816-634B4D7EF95A}.AppStore|Any CPU.ActiveCfg = AppStore|iPhone
		{E007BFC8-3756-4E00-8816-634B4D7EF95A}.AppStore|Any CPU.Build.0 = AppStore|iPhone
		{E007BFC8-3756-4E00-8816-634B4D7EF95A}.AppStore|Any CPU.Deploy.0 = AppStore|iPhone
		{E007BFC8-3756-4E00-8816-634B4D7EF95A}.AppStore|iPhone.ActiveCfg = AppStore|iPhone
		{E007BFC8-3756-4E00-8816-634B4D7EF95A}.AppStore|iPhone.Build.0 = AppStore|iPhone
		{E007BFC8-3756-4E00-8816-634B4D7EF95A}.AppStore|iPhone.Deploy.0 = AppStore|iPhone
		{E007BFC8-3756-4E00-8816-634B4D7EF95A}.AppStore|iPhoneSimulator.ActiveCfg = AppStore|iPhoneSimulator
		{E007BFC8-3756-4E00-8816-634B4D7EF95A}.AppStore|iPhoneSimulator.Build.0 = AppStore|iPhoneSimulator
		{E007BFC8-3756-4E00-8816-634B4D7EF95A}.AppStore|iPhoneSimulator.Deploy.0 = AppStore|iPhoneSimulator
		{E007BFC8-3756-4E00-8816-634B4D7EF95A}.Debug|Any CPU.ActiveCfg = Debug|iPhoneSimulator
		{E007BFC8-3756-4E00-8816-634B4D7EF95A}.Debug|Any CPU.Build.0 = Debug|iPhoneSimulator
		{E007BFC8-3756-4E00-8816-634B4D7EF95A}.Debug|Any CPU.Deploy.0 = Debug|iPhoneSimulator
		{E007BFC8-3756-4E00-8816-634B4D7EF95A}.Debug|iPhone.ActiveCfg = Debug|iPhone
		{E007BFC8-3756-4E00-8816-634B4D7EF95A}.Debug|iPhone.Build.0 = Debug|iPhone
		{E007BFC8-3756-4E00-8816-634B4D7EF95A}.Debug|iPhone.Deploy.0 = Debug|iPhone
		{E007BFC8-3756-4E00-8816-634B4D7EF95A}.Debug|iPhoneSimulator.ActiveCfg = Debug|iPhoneSimulator
		{E007BFC8-3756-4E00-8816-634B4D7EF95A}.Debug|iPhoneSimulator.Build.0 = Debug|iPhoneSimulator
		{E007BFC8-3756-4E00-8816-634B4D7EF95A}.Debug|iPhoneSimulator.Deploy.0 = Debug|iPhoneSimulator
		{E007BFC8-3756-4E00-8816-634B4D7EF95A}.Release|Any CPU.ActiveCfg = Release|iPhone
		{E007BFC8-3756-4E00-8816-634B4D7EF95A}.Release|Any CPU.Build.0 = Release|iPhone
		{E007BFC8-3756-4E00-8816-634B4D7EF95A}.Release|Any CPU.Deploy.0 = Release|iPhone
		{E007BFC8-3756-4E00-8816-634B4D7EF95A}.Release|iPhone.ActiveCfg = Release|iPhone
		{E007BFC8-3756-4E00-8816-634B4D7EF95A}.Release|iPhone.Build.0 = Release|iPhone
		{E007BFC8-3756-4E00-8816-634B4D7EF95A}.Release|iPhone.Deploy.0 = Release|iPhone
		{E007BFC8-3756-4E00-8816-634B4D7EF95A}.Release|iPhoneSimulator.ActiveCfg = Release|iPhoneSimulator
		{E007BFC8-3756-4E00-8816-634B4D7EF95A}.Release|iPhoneSimulator.Build.0 = Release|iPhoneSimulator
		{E007BFC8-3756-4E00-8816-634B4D7EF95A}.Release|iPhoneSimulator.Deploy.0 = Release|iPhoneSimulator
		{E8D50DE4-4BC2-4F78-B784-EA684F0BA027}.Ad-Hoc|Any CPU.ActiveCfg = Debug|Any CPU
		{E8D50DE4-4BC2-4F78-B784-EA684F0BA027}.Ad-Hoc|Any CPU.Build.0 = Debug|Any CPU
		{E8D50DE4-4BC2-4F78-B784-EA684F0BA027}.Ad-Hoc|Any CPU.Deploy.0 = Debug|Any CPU
		{E8D50DE4-4BC2-4F78-B784-EA684F0BA027}.Ad-Hoc|iPhone.ActiveCfg = Debug|Any CPU
		{E8D50DE4-4BC2-4F78-B784-EA684F0BA027}.Ad-Hoc|iPhone.Build.0 = Debug|Any CPU
		{E8D50DE4-4BC2-4F78-B784-EA684F0BA027}.Ad-Hoc|iPhone.Deploy.0 = Debug|Any CPU
		{E8D50DE4-4BC2-4F78-B784-EA684F0BA027}.Ad-Hoc|iPhoneSimulator.ActiveCfg = Debug|Any CPU
		{E8D50DE4-4BC2-4F78-B784-EA684F0BA027}.Ad-Hoc|iPhoneSimulator.Build.0 = Debug|Any CPU
		{E8D50DE4-4BC2-4F78-B784-EA684F0BA027}.Ad-Hoc|iPhoneSimulator.Deploy.0 = Debug|Any CPU
		{E8D50DE4-4BC2-4F78-B784-EA684F0BA027}.AppStore|Any CPU.ActiveCfg = Debug|Any CPU
		{E8D50DE4-4BC2-4F78-B784-EA684F0BA027}.AppStore|Any CPU.Build.0 = Debug|Any CPU
		{E8D50DE4-4BC2-4F78-B784-EA684F0BA027}.AppStore|Any CPU.Deploy.0 = Debug|Any CPU
		{E8D50DE4-4BC2-4F78-B784-EA684F0BA027}.AppStore|iPhone.ActiveCfg = Debug|Any CPU
		{E8D50DE4-4BC2-4F78-B784-EA684F0BA027}.AppStore|iPhone.Build.0 = Debug|Any CPU
		{E8D50DE4-4BC2-4F78-B784-EA684F0BA027}.AppStore|iPhone.Deploy.0 = Debug|Any CPU
		{E8D50DE4-4BC2-4F78-B784-EA684F0BA027}.AppStore|iPhoneSimulator.ActiveCfg = Debug|Any CPU
		{E8D50DE4-4BC2-4F78-B784-EA684F0BA027}.AppStore|iPhoneSimulator.Build.0 = Debug|Any CPU
		{E8D50DE4-4BC2-4F78-B784-EA684F0BA027}.AppStore|iPhoneSimulator.Deploy.0 = Debug|Any CPU
		{E8D50DE4-4BC2-4F78-B784-EA684F0BA027}.Debug|Any CPU.ActiveCfg = Debug|Any CPU
		{E8D50DE4-4BC2-4F78-B784-EA684F0BA027}.Debug|Any CPU.Build.0 = Debug|Any CPU
		{E8D50DE4-4BC2-4F78-B784-EA684F0BA027}.Debug|Any CPU.Deploy.0 = Debug|Any CPU
		{E8D50DE4-4BC2-4F78-B784-EA684F0BA027}.Debug|iPhone.ActiveCfg = Debug|Any CPU
		{E8D50DE4-4BC2-4F78-B784-EA684F0BA027}.Debug|iPhone.Build.0 = Debug|Any CPU
		{E8D50DE4-4BC2-4F78-B784-EA684F0BA027}.Debug|iPhone.Deploy.0 = Debug|Any CPU
		{E8D50DE4-4BC2-4F78-B784-EA684F0BA027}.Debug|iPhoneSimulator.ActiveCfg = Debug|Any CPU
		{E8D50DE4-4BC2-4F78-B784-EA684F0BA027}.Debug|iPhoneSimulator.Build.0 = Debug|Any CPU
		{E8D50DE4-4BC2-4F78-B784-EA684F0BA027}.Debug|iPhoneSimulator.Deploy.0 = Debug|Any CPU
		{E8D50DE4-4BC2-4F78-B784-EA684F0BA027}.Release|Any CPU.ActiveCfg = Release|Any CPU
		{E8D50DE4-4BC2-4F78-B784-EA684F0BA027}.Release|Any CPU.Build.0 = Release|Any CPU
		{E8D50DE4-4BC2-4F78-B784-EA684F0BA027}.Release|Any CPU.Deploy.0 = Release|Any CPU
		{E8D50DE4-4BC2-4F78-B784-EA684F0BA027}.Release|iPhone.ActiveCfg = Release|Any CPU
		{E8D50DE4-4BC2-4F78-B784-EA684F0BA027}.Release|iPhone.Build.0 = Release|Any CPU
		{E8D50DE4-4BC2-4F78-B784-EA684F0BA027}.Release|iPhone.Deploy.0 = Release|Any CPU
		{E8D50DE4-4BC2-4F78-B784-EA684F0BA027}.Release|iPhoneSimulator.ActiveCfg = Release|Any CPU
		{E8D50DE4-4BC2-4F78-B784-EA684F0BA027}.Release|iPhoneSimulator.Build.0 = Release|Any CPU
		{E8D50DE4-4BC2-4F78-B784-EA684F0BA027}.Release|iPhoneSimulator.Deploy.0 = Release|Any CPU
	EndGlobalSection
	GlobalSection(SolutionProperties) = preSolution
		HideSolutionNode = FALSE
	EndGlobalSection
	GlobalSection(ExtensibilityGlobals) = postSolution
		SolutionGuid = {D20B69BD-DC37-4ABC-9E89-7D42C88BF32F}
	EndGlobalSection
EndGlobal
